Microsoft Visual Studio Solution File, Format Version 12.00
# Visual Studio Version 17
VisualStudioVersion = 17.5.2.0
MinimumVisualStudioVersion = 10.0.40219.1
Project("{FAE04EC0-301F-11D3-BF4B-00C04F79EFBC}") = "WebApi_EN-DE_Crypt", "WebApi_EN-DE_Crypt.csproj", "{CFE18859-5BDE-5EDD-BD71-4E1AF2EE8159}"
EndProject
Global
	GlobalSection(SolutionConfigurationPlatforms) = preSolution
		Debug|Any CPU = Debug|Any CPU
		Release|Any CPU = Release|Any CPU
	EndGlobalSection
	GlobalSection(ProjectConfigurationPlatforms) = postSolution
		{CFE18859-5BDE-5EDD-BD71-4E1AF2EE8159}.Debug|Any CPU.ActiveCfg = Debug|Any CPU
		{CFE18859-5BDE-5EDD-BD71-4E1AF2EE8159}.Debug|Any CPU.Build.0 = Debug|Any CPU
		{CFE18859-5BDE-5EDD-BD71-4E1AF2EE8159}.Release|Any CPU.ActiveCfg = Release|Any CPU
		{CFE18859-5BDE-5EDD-BD71-4E1AF2EE8159}.Release|Any CPU.Build.0 = Release|Any CPU
	EndGlobalSection
	GlobalSection(SolutionProperties) = preSolution
		HideSolutionNode = FALSE
	EndGlobalSection
	GlobalSection(ExtensibilityGlobals) = postSolution
		SolutionGuid = {24504155-3609-4C60-858E-DC56FE2D7FB5}
	EndGlobalSection
EndGlobal
